Microsoft Visual Studio Solution File, Format Version 12.00
# Visual Studio Version 16
VisualStudioVersion = 16.0.31729.503
MinimumVisualStudioVersion = 10.0.40219.1
Project("{2150E333-8FDC-42A3-9474-1A3956D46DE8}") = "Solution Items", "Solution Items", "{E86EBA16-32DC-4487-9677-537004D1F800}"
	ProjectSection(SolutionItems) = preProject
		How to deploy new version.html = How to deploy new version.html
		whatsnew.html = whatsnew.html
	EndProjectSection
EndProject
Project("{FAE04EC0-301F-11D3-BF4B-00C04F79EFBC}") = "MultiLineSearch", "MultiLineSearch\MultiLineSearch.csproj", "{50A5AA24-6C2B-4014-A39D-94151FBB1E17}"
EndProject
Global
	GlobalSection(SolutionConfigurationPlatforms) = preSolution
		Debug 2017|Any CPU = Debug 2017|Any CPU
		Debug 2017|Mixed Platforms = Debug 2017|Mixed Platforms
		Debug 2017|x86 = Debug 2017|x86
		Debug 2019|Any CPU = Debug 2019|Any CPU
		Debug 2019|Mixed Platforms = Debug 2019|Mixed Platforms
		Debug 2019|x86 = Debug 2019|x86
		Release|Any CPU = Release|Any CPU
		Release|Mixed Platforms = Release|Mixed Platforms
		Release|x86 = Release|x86
	EndGlobalSection
	GlobalSection(ProjectConfigurationPlatforms) = postSolution
		{50A5AA24-6C2B-4014-A39D-94151FBB1E17}.Debug 2017|Any CPU.ActiveCfg = Debug 2017|Any CPU
		{50A5AA24-6C2B-4014-A39D-94151FBB1E17}.Debug 2017|Any CPU.Build.0 = Debug 2017|Any CPU
		{50A5AA24-6C2B-4014-A39D-94151FBB1E17}.Debug 2017|Mixed Platforms.ActiveCfg = Debug 2017|Any CPU
		{50A5AA24-6C2B-4014-A39D-94151FBB1E17}.Debug 2017|Mixed Platforms.Build.0 = Debug 2017|Any CPU
		{50A5AA24-6C2B-4014-A39D-94151FBB1E17}.Debug 2017|x86.ActiveCfg = Debug 2017|Any CPU
		{50A5AA24-6C2B-4014-A39D-94151FBB1E17}.Debug 2017|x86.Build.0 = Debug 2017|Any CPU
		{50A5AA24-6C2B-4014-A39D-94151FBB1E17}.Debug 2019|Any CPU.ActiveCfg = Debug 2019|Any CPU
		{50A5AA24-6C2B-4014-A39D-94151FBB1E17}.Debug 2019|Any CPU.Build.0 = Debug 2019|Any CPU
		{50A5AA24-6C2B-4014-A39D-94151FBB1E17}.Debug 2019|Mixed Platforms.ActiveCfg = Debug 2019|Any CPU
		{50A5AA24-6C2B-4014-A39D-94151FBB1E17}.Debug 2019|Mixed Platforms.Build.0 = Debug 2019|Any CPU
		{50A5AA24-6C2B-4014-A39D-94151FBB1E17}.Debug 2019|x86.ActiveCfg = Debug 2019|Any CPU
		{50A5AA24-6C2B-4014-A39D-94151FBB1E17}.Debug 2019|x86.Build.0 = Debug 2019|Any CPU
		{50A5AA24-6C2B-4014-A39D-94151FBB1E17}.Release|Any CPU.ActiveCfg = Release|Any CPU
		{50A5AA24-6C2B-4014-A39D-94151FBB1E17}.Release|Any CPU.Build.0 = Release|Any CPU
		{50A5AA24-6C2B-4014-A39D-94151FBB1E17}.Release|Mixed Platforms.ActiveCfg = Release|Any CPU
		{50A5AA24-6C2B-4014-A39D-94151FBB1E17}.Release|Mixed Platforms.Build.0 = Release|Any CPU
		{50A5AA24-6C2B-4014-A39D-94151FBB1E17}.Release|x86.ActiveCfg = Release|Any CPU
	EndGlobalSection
	GlobalSection(SolutionProperties) = preSolution
		HideSolutionNode = FALSE
	EndGlobalSection
	GlobalSection(ExtensibilityGlobals) = postSolution
		SolutionGuid = {8991CA9B-344D-4F02-AF9B-C0AE4110377D}
	EndGlobalSection
	GlobalSection(SubversionScc) = preSolution
		Svn-Managed = True
		Manager = AnkhSVN - Subversion Support for Visual Studio
	EndGlobalSection
EndGlobal
